
Microsoft Visual Studio Solution File, Format Version 12.00
# Visual Studio Version 17
VisualStudioVersion = 17.8.34316.72
MinimumVisualStudioVersion = 10.0.40219.1
Project("{FAE04EC0-301F-11D3-BF4B-00C04F79EFBC}") = "SpotifyControl", "SpotifyControl\SpotifyControl.csproj", "{D6C8AFD4-BBD4-452E-A7A9-1B4B64C05AF5}"
EndProject
Global
	GlobalSection(SolutionConfigurationPlatforms) = preSolution
		Debug|Any CPU = Debug|Any CPU
		Release|Any CPU = Release|Any CPU
	EndGlobalSection
	GlobalSection(ProjectConfigurationPlatforms) = postSolution
		{D6C8AFD4-BBD4-452E-A7A9-1B4B64C05AF5}.Debug|Any CPU.ActiveCfg = Debug|Any CPU
		{D6C8AFD4-BBD4-452E-A7A9-1B4B64C05AF5}.Debug|Any CPU.Build.0 = Debug|Any CPU
		{D6C8AFD4-BBD4-452E-A7A9-1B4B64C05AF5}.Release|Any CPU.ActiveCfg = Release|Any CPU
		{D6C8AFD4-BBD4-452E-A7A9-1B4B64C05AF5}.Release|Any CPU.Build.0 = Release|Any CPU
	EndGlobalSection
	GlobalSection(SolutionProperties) = preSolution
		HideSolutionNode = FALSE
	EndGlobalSection
	GlobalSection(ExtensibilityGlobals) = postSolution
		SolutionGuid = {8D09BEAE-AD96-46D7-8B96-8FCB255959AF}
	EndGlobalSection
EndGlobal
